// !$*UTF8*$!
{
	archiveVersion = 1;
	classes = {
	};
	objectVersion = 55;
	objects = {

/* Begin PBXBuildFile section */
		70E9C73A28532B9A00A12632 /* AppDelegate.swift in Sources */ = {isa = PBXBuildFile; fileRef = 70E9C73928532B9A00A12632 /* AppDelegate.swift */; };
		70E9C73C28532B9A00A12632 /* SceneDelegate.swift in Sources */ = {isa = PBXBuildFile; fileRef = 70E9C73B28532B9A00A12632 /* SceneDelegate.swift */; };
		70E9C73E28532B9A00A12632 /* ViewController.swift in Sources */ = {isa = PBXBuildFile; fileRef = 70E9C73D28532B9A00A12632 /* ViewController.swift */; };
		70E9C74128532B9A00A12632 /* Main.storyboard in Resources */ = {isa = PBXBuildFile; fileRef = 70E9C73F28532B9A00A12632 /* Main.storyboard */; };
		70E9C74428532B9A00A12632 /* TakeItEasy2.xcdatamodeld in Sources */ = {isa = PBXBuildFile; fileRef = 70E9C74228532B9A00A12632 /* TakeItEasy2.xcdatamodeld */; };
		70E9C74628532B9C00A12632 /* Assets.xcassets in Resources */ = {isa = PBXBuildFile; fileRef = 70E9C74528532B9C00A12632 /* Assets.xcassets */; };
		70E9C74928532B9C00A12632 /* LaunchScreen.storyboard in Resources */ = {isa = PBXBuildFile; fileRef = 70E9C74728532B9C00A12632 /* LaunchScreen.storyboard */; };
		F784A46828578C9E008F5B0F /* MyCollectionViewCell.swift in Sources */ = {isa = PBXBuildFile; fileRef = F784A46728578C9E008F5B0F /* MyCollectionViewCell.swift */; };
		F784A46A28578E92008F5B0F /* thai-cookbook.pdf in Resources */ = {isa = PBXBuildFile; fileRef = F784A46928578E92008F5B0F /* thai-cookbook.pdf */; };
		F784A46C28578E98008F5B0F /* italian-cookbook.pdf in Resources */ = {isa = PBXBuildFile; fileRef = F784A46B28578E97008F5B0F /* italian-cookbook.pdf */; };
		F784A46E28578E9E008F5B0F /* french-cookbook.pdf in Resources */ = {isa = PBXBuildFile; fileRef = F784A46D28578E9E008F5B0F /* french-cookbook.pdf */; };
		F784A47028578EA6008F5B0F /* Graphic-design.pdf in Resources */ = {isa = PBXBuildFile; fileRef = F784A46F28578EA6008F5B0F /* Graphic-design.pdf */; };
		F784A47228578EAD008F5B0F /* PhotoShop-book.pdf in Resources */ = {isa = PBXBuildFile; fileRef = F784A47128578EAD008F5B0F /* PhotoShop-book.pdf */; };
		F784A47428578EBE008F5B0F /* learning python fast.pdf in Resources */ = {isa = PBXBuildFile; fileRef = F784A47328578EBE008F5B0F /* learning python fast.pdf */; };
		F784A47628578ECC008F5B0F /* The Kite Runner.pdf in Resources */ = {isa = PBXBuildFile; fileRef = F784A47528578ECC008F5B0F /* The Kite Runner.pdf */; };
		F784A47828578ED1008F5B0F /* Catcher In the Rye.pdf in Resources */ = {isa = PBXBuildFile; fileRef = F784A47728578ED1008F5B0F /* Catcher In the Rye.pdf */; };
		F784A47A28578ED7008F5B0F /* The Great Gatsby.pdf in Resources */ = {isa = PBXBuildFile; fileRef = F784A47928578ED7008F5B0F /* The Great Gatsby.pdf */; };
		F7D6D8642853993D007B8EB7 /* BooksViewController.swift in Sources */ = {isa = PBXBuildFile; fileRef = F7D6D8632853993D007B8EB7 /* BooksViewController.swift */; };
		F7D6D86628539966007B8EB7 /* PDFViewController.swift in Sources */ = {isa = PBXBuildFile; fileRef = F7D6D86528539966007B8EB7 /* PDFViewController.swift */; };
/* End PBXBuildFile section */

/* Begin PBXFileReference section */
		70E9C73628532B9A00A12632 /* TakeItEasy2.app */ = {isa = PBXFileReference; explicitFileType = wrapper.application; includeInIndex = 0; path = TakeItEasy2.app; sourceTree = BUILT_PRODUCTS_DIR; };
		70E9C73928532B9A00A12632 /* AppDelegate.swift */ = {isa = PBXFileReference; lastKnownFileType = sourcecode.swift; path = AppDelegate.swift; sourceTree = "<group>"; };
		70E9C73B28532B9A00A12632 /* SceneDelegate.swift */ = {isa = PBXFileReference; lastKnownFileType = sourcecode.swift; path = SceneDelegate.swift; sourceTree = "<group>"; };
		70E9C73D28532B9A00A12632 /* ViewController.swift */ = {isa = PBXFileReference; lastKnownFileType = sourcecode.swift; path = ViewController.swift; sourceTree = "<group>"; };
		70E9C74028532B9A00A12632 /* Base */ = {isa = PBXFileReference; lastKnownFileType = file.storyboard; name = Base; path = Base.lproj/Main.storyboard; sourceTree = "<group>"; };
		70E9C74328532B9A00A12632 /* TakeItEasy2.xcdatamodel */ = {isa = PBXFileReference; lastKnownFileType = wrapper.xcdatamodel; path = TakeItEasy2.xcdatamodel; sourceTree = "<group>"; };
		70E9C74528532B9C00A12632 /* Assets.xcassets */ = {isa = PBXFileReference; lastKnownFileType = folder.assetcatalog; path = Assets.xcassets; sourceTree = "<group>"; };
		70E9C74828532B9C00A12632 /* Base */ = {isa = PBXFileReference; lastKnownFileType = file.storyboard; name = Base; path = Base.lproj/LaunchScreen.storyboard; sourceTree = "<group>"; };
		70E9C74A28532B9C00A12632 /* Info.plist */ = {isa = PBXFileReference; lastKnownFileType = text.plist.xml; path = Info.plist; sourceTree = "<group>"; };
		F784A46728578C9E008F5B0F /* MyCollectionViewCell.swift */ = {isa = PBXFileReference; lastKnownFileType = sourcecode.swift; path = MyCollectionViewCell.swift; sourceTree = "<group>"; };
		F784A46928578E92008F5B0F /* thai-cookbook.pdf */ = {isa = PBXFileReference; lastKnownFileType = image.pdf; name = "thai-cookbook.pdf"; path = "../../../../Downloads/thai-cookbook.pdf"; sourceTree = "<group>"; };
		F784A46B28578E97008F5B0F /* italian-cookbook.pdf */ = {isa = PBXFileReference; lastKnownFileType = image.pdf; name = "italian-cookbook.pdf"; path = "../../../../Downloads/italian-cookbook.pdf"; sourceTree = "<group>"; };
		F784A46D28578E9E008F5B0F /* french-cookbook.pdf */ = {isa = PBXFileReference; lastKnownFileType = image.pdf; name = "french-cookbook.pdf"; path = "../../../../Downloads/french-cookbook.pdf"; sourceTree = "<group>"; };
		F784A46F28578EA6008F5B0F /* Graphic-design.pdf */ = {isa = PBXFileReference; lastKnownFileType = image.pdf; name = "Graphic-design.pdf"; path = "../../../../Downloads/Graphic-design.pdf"; sourceTree = "<group>"; };
		F784A47128578EAD008F5B0F /* PhotoShop-book.pdf */ = {isa = PBXFileReference; lastKnownFileType = image.pdf; name = "PhotoShop-book.pdf"; path = "../../../../Downloads/PhotoShop-book.pdf"; sourceTree = "<group>"; };
		F784A47328578EBE008F5B0F /* learning python fast.pdf */ = {isa = PBXFileReference; lastKnownFileType = image.pdf; name = "learning python fast.pdf"; path = "../../../../Downloads/learning python fast.pdf"; sourceTree = "<group>"; };
		F784A47528578ECC008F5B0F /* The Kite Runner.pdf */ = {isa = PBXFileReference; lastKnownFileType = image.pdf; name = "The Kite Runner.pdf"; path = "../../../../Downloads/The Kite Runner.pdf"; sourceTree = "<group>"; };
		F784A47728578ED1008F5B0F /* Catcher In the Rye.pdf */ = {isa = PBXFileReference; lastKnownFileType = image.pdf; name = "Catcher In the Rye.pdf"; path = "../../../../Downloads/Catcher In the Rye.pdf"; sourceTree = "<group>"; };
		F784A47928578ED7008F5B0F /* The Great Gatsby.pdf */ = {isa = PBXFileReference; lastKnownFileType = image.pdf; name = "The Great Gatsby.pdf"; path = "../../../../Downloads/The Great Gatsby.pdf"; sourceTree = "<group>"; };
		F7D6D8632853993D007B8EB7 /* BooksViewController.swift */ = {isa = PBXFileReference; lastKnownFileType = sourcecode.swift; path = BooksViewController.swift; sourceTree = "<group>"; };
		F7D6D86528539966007B8EB7 /* PDFViewController.swift */ = {isa = PBXFileReference; lastKnownFileType = sourcecode.swift; path = PDFViewController.swift; sourceTree = "<group>"; };
/* End PBXFileReference section */

/* Begin PBXFrameworksBuildPhase section */
		70E9C73328532B9A00A12632 /* Frameworks */ = {
			isa = PBXFrameworksBuildPhase;
			buildActionMask = 2147483647;
			files = (
			);
			runOnlyForDeploymentPostprocessing = 0;
		};
/* End PBXFrameworksBuildPhase section */

/* Begin PBXGroup section */
		70E9C72D28532B9A00A12632 = {
			isa = PBXGroup;
			children = (
				70E9C73828532B9A00A12632 /* TakeItEasy2 */,
				70E9C73728532B9A00A12632 /* Products */,
			);
			sourceTree = "<group>";
		};
		70E9C73728532B9A00A12632 /* Products */ = {
			isa = PBXGroup;
			children = (
				70E9C73628532B9A00A12632 /* TakeItEasy2.app */,
			);
			name = Products;
			sourceTree = "<group>";
		};
		70E9C73828532B9A00A12632 /* TakeItEasy2 */ = {
			isa = PBXGroup;
			children = (
				F7D6D86228539929007B8EB7 /* Books */,
				70E9C73928532B9A00A12632 /* AppDelegate.swift */,
				70E9C73B28532B9A00A12632 /* SceneDelegate.swift */,
				70E9C73D28532B9A00A12632 /* ViewController.swift */,
				F7D6D8632853993D007B8EB7 /* BooksViewController.swift */,
				F7D6D86528539966007B8EB7 /* PDFViewController.swift */,
				70E9C73F28532B9A00A12632 /* Main.storyboard */,
				70E9C74528532B9C00A12632 /* Assets.xcassets */,
				70E9C74728532B9C00A12632 /* LaunchScreen.storyboard */,
				70E9C74A28532B9C00A12632 /* Info.plist */,
				70E9C74228532B9A00A12632 /* TakeItEasy2.xcdatamodeld */,
				F784A46728578C9E008F5B0F /* MyCollectionViewCell.swift */,
			);
			path = TakeItEasy2;
			sourceTree = "<group>";
		};
		F7D6D86228539929007B8EB7 /* Books */ = {
			isa = PBXGroup;
			children = (
				F784A46928578E92008F5B0F /* thai-cookbook.pdf */,
				F784A46B28578E97008F5B0F /* italian-cookbook.pdf */,
				F784A46D28578E9E008F5B0F /* french-cookbook.pdf */,
				F784A46F28578EA6008F5B0F /* Graphic-design.pdf */,
				F784A47128578EAD008F5B0F /* PhotoShop-book.pdf */,
				F784A47328578EBE008F5B0F /* learning python fast.pdf */,
				F784A47528578ECC008F5B0F /* The Kite Runner.pdf */,
				F784A47728578ED1008F5B0F /* Catcher In the Rye.pdf */,
				F784A47928578ED7008F5B0F /* The Great Gatsby.pdf */,
			);
			path = Books;
			sourceTree = "<group>";
		};
/* End PBXGroup section */

/* Begin PBXNativeTarget section */
		70E9C73528532B9A00A12632 /* TakeItEasy2 */ = {
			isa = PBXNativeTarget;
			buildConfigurationList = 70E9C74D28532B9C00A12632 /* Build configuration list for PBXNativeTarget "TakeItEasy2" */;
			buildPhases = (
				70E9C73228532B9A00A12632 /* Sources */,
				70E9C73328532B9A00A12632 /* Frameworks */,
				70E9C73428532B9A00A12632 /* Resources */,
			);
			buildRules = (
			);
			dependencies = (
			);
			name = TakeItEasy2;
			productName = TakeItEasy2;
			productReference = 70E9C73628532B9A00A12632 /* TakeItEasy2.app */;
			productType = "com.apple.product-type.application";
		};
/* End PBXNativeTarget section */

/* Begin PBXProject section */
		70E9C72E28532B9A00A12632 /* Project object */ = {
			isa = PBXProject;
			attributes = {
				BuildIndependentTargetsInParallel = 1;
				LastSwiftUpdateCheck = 1340;
				LastUpgradeCheck = 1340;
				TargetAttributes = {
					70E9C73528532B9A00A12632 = {
						CreatedOnToolsVersion = 13.4;
					};
				};
			};
			buildConfigurationList = 70E9C73128532B9A00A12632 /* Build configuration list for PBXProject "TakeItEasy2" */;
			compatibilityVersion = "Xcode 13.0";
			developmentRegion = en;
			hasScannedForEncodings = 0;
			knownRegions = (
				en,
				Base,
			);
			mainGroup = 70E9C72D28532B9A00A12632;
			productRefGroup = 70E9C73728532B9A00A12632 /* Products */;
			projectDirPath = "";
			projectRoot = "";
			targets = (
				70E9C73528532B9A00A12632 /* TakeItEasy2 */,
			);
		};
/* End PBXProject section */

/* Begin PBXResourcesBuildPhase section */
		70E9C73428532B9A00A12632 /* Resources */ = {
			isa = PBXResourcesBuildPhase;
			buildActionMask = 2147483647;
			files = (
				F784A47028578EA6008F5B0F /* Graphic-design.pdf in Resources */,
				70E9C74928532B9C00A12632 /* LaunchScreen.storyboard in Resources */,
				F784A47A28578ED7008F5B0F /* The Great Gatsby.pdf in Resources */,
				F784A47828578ED1008F5B0F /* Catcher In the Rye.pdf in Resources */,
				F784A46E28578E9E008F5B0F /* french-cookbook.pdf in Resources */,
				F784A47628578ECC008F5B0F /* The Kite Runner.pdf in Resources */,
				70E9C74628532B9C00A12632 /* Assets.xcassets in Resources */,
				70E9C74128532B9A00A12632 /* Main.storyboard in Resources */,
				F784A46C28578E98008F5B0F /* italian-cookbook.pdf in Resources */,
				F784A47428578EBE008F5B0F /* learning python fast.pdf in Resources */,
				F784A47228578EAD008F5B0F /* PhotoShop-book.pdf in Resources */,
				F784A46A28578E92008F5B0F /* thai-cookbook.pdf in Resources */,
			);
			runOnlyForDeploymentPostprocessing = 0;
		};
/* End PBXResourcesBuildPhase section */

/* Begin PBXSourcesBuildPhase section */
		70E9C73228532B9A00A12632 /* Sources */ = {
			isa = PBXSourcesBuildPhase;
			buildActionMask = 2147483647;
			files = (
				F7D6D8642853993D007B8EB7 /* BooksViewController.swift in Sources */,
				F784A46828578C9E008F5B0F /* MyCollectionViewCell.swift in Sources */,
				70E9C73E28532B9A00A12632 /* ViewController.swift in Sources */,
				70E9C73A28532B9A00A12632 /* AppDelegate.swift in Sources */,
				F7D6D86628539966007B8EB7 /* PDFViewController.swift in Sources */,
				70E9C74428532B9A00A12632 /* TakeItEasy2.xcdatamodeld in Sources */,
				70E9C73C28532B9A00A12632 /* SceneDelegate.swift in Sources */,
			);
			runOnlyForDeploymentPostprocessing = 0;
		};
/* End PBXSourcesBuildPhase section */

/* Begin PBXVariantGroup section */
		70E9C73F28532B9A00A12632 /* Main.storyboard */ = {
			isa = PBXVariantGroup;
			children = (
				70E9C74028532B9A00A12632 /* Base */,
			);
			name = Main.storyboard;
			sourceTree = "<group>";
		};
		70E9C74728532B9C00A12632 /* LaunchScreen.storyboard */ = {
			isa = PBXVariantGroup;
			children = (
				70E9C74828532B9C00A12632 /* Base */,
			);
			name = LaunchScreen.storyboard;
			sourceTree = "<group>";
		};
/* End PBXVariantGroup section */

/* Begin XCBuildConfiguration section */
		70E9C74B28532B9C00A12632 /* Debug */ = {
			isa = XCBuildConfiguration;
			buildSettings = {
				ALWAYS_SEARCH_USER_PATHS = NO;
				CLANG_ANALYZER_NONNULL = YES;
				CLANG_ANALYZER_NUMBER_OBJECT_CONVERSION = YES_AGGRESSIVE;
				CLANG_CXX_LANGUAGE_STANDARD = "gnu++17";
				CLANG_ENABLE_MODULES = YES;
				CLANG_ENABLE_OBJC_ARC = YES;
				CLANG_ENABLE_OBJC_WEAK = YES;
				CLANG_WARN_BLOCK_CAPTURE_AUTORELEASING = YES;
				CLANG_WARN_BOOL_CONVERSION = YES;
				CLANG_WARN_COMMA = YES;
				CLANG_WARN_CONSTANT_CONVERSION = YES;
				CLANG_WARN_DEPRECATED_OBJC_IMPLEMENTATIONS = YES;
				CLANG_WARN_DIRECT_OBJC_ISA_USAGE = YES_ERROR;
				CLANG_WARN_DOCUMENTATION_COMMENTS = YES;
				CLANG_WARN_EMPTY_BODY = YES;
				CLANG_WARN_ENUM_CONVERSION = YES;
				CLANG_WARN_INFINITE_RECURSION = YES;
				CLANG_WARN_INT_CONVERSION = YES;
				CLANG_WARN_NON_LITERAL_NULL_CONVERSION = YES;
				CLANG_WARN_OBJC_IMPLICIT_RETAIN_SELF = YES;
				CLANG_WARN_OBJC_LITERAL_CONVERSION = YES;
				CLANG_WARN_OBJC_ROOT_CLASS = YES_ERROR;
				CLANG_WARN_QUOTED_INCLUDE_IN_FRAMEWORK_HEADER = YES;
				CLANG_WARN_RANGE_LOOP_ANALYSIS = YES;
				CLANG_WARN_STRICT_PROTOTYPES = YES;
				CLANG_WARN_SUSPICIOUS_MOVE = YES;
				CLANG_WARN_UNGUARDED_AVAILABILITY = YES_AGGRESSIVE;
				CLANG_WARN_UNREACHABLE_CODE = YES;
				CLANG_WARN__DUPLICATE_METHOD_MATCH = YES;
				COPY_PHASE_STRIP = NO;
				DEBUG_INFORMATION_FORMAT = dwarf;
				ENABLE_STRICT_OBJC_MSGSEND = YES;
				ENABLE_TESTABILITY = YES;
				GCC_C_LANGUAGE_STANDARD = gnu11;
				GCC_DYNAMIC_NO_PIC = NO;
				GCC_NO_COMMON_BLOCKS = YES;
				GCC_OPTIMIZATION_LEVEL = 0;
				GCC_PREPROCESSOR_DEFINITIONS = (
					"DEBUG=1",
					"$(inherited)",
				);
				GCC_WARN_64_TO_32_BIT_CONVERSION = YES;
				GCC_WARN_ABOUT_RETURN_TYPE = YES_ERROR;
				GCC_WARN_UNDECLARED_SELECTOR = YES;
				GCC_WARN_UNINITIALIZED_AUTOS = YES_AGGRESSIVE;
				GCC_WARN_UNUSED_FUNCTION = YES;
				GCC_WARN_UNUSED_VARIABLE = YES;
				IPHONEOS_DEPLOYMENT_TARGET = 15.5;
				MTL_ENABLE_DEBUG_INFO = INCLUDE_SOURCE;
				MTL_FAST_MATH = YES;
				ONLY_ACTIVE_ARCH = YES;
				SDKROOT = iphoneos;
				SWIFT_ACTIVE_COMPILATION_CONDITIONS = DEBUG;
				SWIFT_OPTIMIZATION_LEVEL = "-Onone";
			};
			name = Debug;
		};
		70E9C74C28532B9C00A12632 /* Release */ = {
			isa = XCBuildConfiguration;
			buildSettings = {
				ALWAYS_SEARCH_USER_PATHS = NO;
				CLANG_ANALYZER_NONNULL = YES;
				CLANG_ANALYZER_NUMBER_OBJECT_CONVERSION = YES_AGGRESSIVE;
				CLANG_CXX_LANGUAGE_STANDARD = "gnu++17";
				CLANG_ENABLE_MODULES = YES;
				CLANG_ENABLE_OBJC_ARC = YES;
				CLANG_ENABLE_OBJC_WEAK = YES;
				CLANG_WARN_BLOCK_CAPTURE_AUTORELEASING = YES;
				CLANG_WARN_BOOL_CONVERSION = YES;
				CLANG_WARN_COMMA = YES;
				CLANG_WARN_CONSTANT_CONVERSION = YES;
				CLANG_WARN_DEPRECATED_OBJC_IMPLEMENTATIONS = YES;
				CLANG_WARN_DIRECT_OBJC_ISA_USAGE = YES_ERROR;
				CLANG_WARN_DOCUMENTATION_COMMENTS = YES;
				CLANG_WARN_EMPTY_BODY = YES;
				CLANG_WARN_ENUM_CONVERSION = YES;
				CLANG_WARN_INFINITE_RECURSION = YES;
				CLANG_WARN_INT_CONVERSION = YES;
				CLANG_WARN_NON_LITERAL_NULL_CONVERSION = YES;
				CLANG_WARN_OBJC_IMPLICIT_RETAIN_SELF = YES;
				CLANG_WARN_OBJC_LITERAL_CONVERSION = YES;
				CLANG_WARN_OBJC_ROOT_CLASS = YES_ERROR;
				CLANG_WARN_QUOTED_INCLUDE_IN_FRAMEWORK_HEADER = YES;
				CLANG_WARN_RANGE_LOOP_ANALYSIS = YES;
				CLANG_WARN_STRICT_PROTOTYPES = YES;
				CLANG_WARN_SUSPICIOUS_MOVE = YES;
				CLANG_WARN_UNGUARDED_AVAILABILITY = YES_AGGRESSIVE;
				CLANG_WARN_UNREACHABLE_CODE = YES;
				CLANG_WARN__DUPLICATE_METHOD_MATCH = YES;
				COPY_PHASE_STRIP = NO;
				DEBUG_INFORMATION_FORMAT = "dwarf-with-dsym";
				ENABLE_NS_ASSERTIONS = NO;
				ENABLE_STRICT_OBJC_MSGSEND = YES;
				GCC_C_LANGUAGE_STANDARD = gnu11;
				GCC_NO_COMMON_BLOCKS = YES;
				GCC_WARN_64_TO_32_BIT_CONVERSION = YES;
				GCC_WARN_ABOUT_RETURN_TYPE = YES_ERROR;
				GCC_WARN_UNDECLARED_SELECTOR = YES;
				GCC_WARN_UNINITIALIZED_AUTOS = YES_AGGRESSIVE;
				GCC_WARN_UNUSED_FUNCTION = YES;
				GCC_WARN_UNUSED_VARIABLE = YES;
				IPHONEOS_DEPLOYMENT_TARGET = 15.5;
				MTL_ENABLE_DEBUG_INFO = NO;
				MTL_FAST_MATH = YES;
				SDKROOT = iphoneos;
				SWIFT_COMPILATION_MODE = wholemodule;
				SWIFT_OPTIMIZATION_LEVEL = "-O";
				VALIDATE_PRODUCT = YES;
			};
			name = Release;
		};
		70E9C74E28532B9C00A12632 /* Debug */ = {
			isa = XCBuildConfiguration;
			buildSettings = {
				ASSETCATALOG_COMPILER_APPICON_NAME = AppIcon;
				ASSETCATALOG_COMPILER_GLOBAL_ACCENT_COLOR_NAME = AccentColor;
				CODE_SIGN_STYLE = Automatic;
				CURRENT_PROJECT_VERSION = 1;
				GENERATE_INFOPLIST_FILE = YES;
				INFOPLIST_FILE = TakeItEasy2/Info.plist;
				INFOPLIST_KEY_UIApplicationSupportsIndirectInputEvents = YES;
				INFOPLIST_KEY_UILaunchStoryboardName = LaunchScreen;
				INFOPLIST_KEY_UIMainStoryboardFile = Main;
				INFOPLIST_KEY_UISupportedInterfaceOrientations_iPad = "UIInterfaceOrientationPortrait UIInterfaceOrientationPortraitUpsideDown UIInterfaceOrientationLandscapeLeft UIInterfaceOrientationLandscapeRight";
				INFOPLIST_KEY_UISupportedInterfaceOrientations_iPhone = "UIInterfaceOrientationPortrait UIInterfaceOrientationLandscapeLeft UIInterfaceOrientationLandscapeRight";
				LD_RUNPATH_SEARCH_PATHS = (
					"$(inherited)",
					"@executable_path/Frameworks",
				);
				MARKETING_VERSION = 1.0;
				PRODUCT_BUNDLE_IDENTIFIER = CoreyAugburn.TakeItEasy2;
				PRODUCT_NAME = "$(TARGET_NAME)";
				SWIFT_EMIT_LOC_STRINGS = YES;
				SWIFT_VERSION = 5.0;
				TARGETED_DEVICE_FAMILY = "1,2";
			};
			name = Debug;
		};
		70E9C74F28532B9C00A12632 /* Release */ = {
			isa = XCBuildConfiguration;
			buildSettings = {
				ASSETCATALOG_COMPILER_APPICON_NAME = AppIcon;
				ASSETCATALOG_COMPILER_GLOBAL_ACCENT_COLOR_NAME = AccentColor;
				CODE_SIGN_STYLE = Automatic;
				CURRENT_PROJECT_VERSION = 1;
				GENERATE_INFOPLIST_FILE = YES;
				INFOPLIST_FILE = TakeItEasy2/Info.plist;
				INFOPLIST_KEY_UIApplicationSupportsIndirectInputEvents = YES;
				INFOPLIST_KEY_UILaunchStoryboardName = LaunchScreen;
				INFOPLIST_KEY_UIMainStoryboardFile = Main;
				INFOPLIST_KEY_UISupportedInterfaceOrientations_iPad = "UIInterfaceOrientationPortrait UIInterfaceOrientationPortraitUpsideDown UIInterfaceOrientationLandscapeLeft UIInterfaceOrientationLandscapeRight";
				INFOPLIST_KEY_UISupportedInterfaceOrientations_iPhone = "UIInterfaceOrientationPortrait UIInterfaceOrientationLandscapeLeft UIInterfaceOrientationLandscapeRight";
				LD_RUNPATH_SEARCH_PATHS = (
					"$(inherited)",
					"@executable_path/Frameworks",
				);
				MARKETING_VERSION = 1.0;
				PRODUCT_BUNDLE_IDENTIFIER = CoreyAugburn.TakeItEasy2;
				PRODUCT_NAME = "$(TARGET_NAME)";
				SWIFT_EMIT_LOC_STRINGS = YES;
				SWIFT_VERSION = 5.0;
				TARGETED_DEVICE_FAMILY = "1,2";
			};
			name = Release;
		};
/* End XCBuildConfiguration section */

/* Begin XCConfigurationList section */
		70E9C73128532B9A00A12632 /* Build configuration list for PBXProject "TakeItEasy2" */ = {
			isa = XCConfigurationList;
			buildConfigurations = (
				70E9C74B28532B9C00A12632 /* Debug */,
				70E9C74C28532B9C00A12632 /* Release */,
			);
			defaultConfigurationIsVisible = 0;
			defaultConfigurationName = Release;
		};
		70E9C74D28532B9C00A12632 /* Build configuration list for PBXNativeTarget "TakeItEasy2" */ = {
			isa = XCConfigurationList;
			buildConfigurations = (
				70E9C74E28532B9C00A12632 /* Debug */,
				70E9C74F28532B9C00A12632 /* Release */,
			);
			defaultConfigurationIsVisible = 0;
			defaultConfigurationName = Release;
		};
/* End XCConfigurationList section */

/* Begin XCVersionGroup section */
		70E9C74228532B9A00A12632 /* TakeItEasy2.xcdatamodeld */ = {
			isa = XCVersionGroup;
			children = (
				70E9C74328532B9A00A12632 /* TakeItEasy2.xcdatamodel */,
			);
			currentVersion = 70E9C74328532B9A00A12632 /* TakeItEasy2.xcdatamodel */;
			path = TakeItEasy2.xcdatamodeld;
			sourceTree = "<group>";
			versionGroupType = wrapper.xcdatamodel;
		};
/* End XCVersionGroup section */
	};
	rootObject = 70E9C72E28532B9A00A12632 /* Project object */;
}
